
Microsoft Visual Studio Solution File, Format Version 11.00
# Visual Studio 2010
# SharpDevelop 4.2.1.8805
Project("{FD48973F-F585-4F70-812B-4D0503B36CE9}") = "prog65h", "prog65h.pyproj", "{7BD1CDD2-EA4B-4CBB-BCA9-1E3CAD230822}"
EndProject
Global
	GlobalSection(SolutionConfigurationPlatforms) = preSolution
		Debug|x86 = Debug|x86
		Release|x86 = Release|x86
	EndGlobalSection
	GlobalSection(ProjectConfigurationPlatforms) = postSolution
		{7BD1CDD2-EA4B-4CBB-BCA9-1E3CAD230822}.Debug|x86.Build.0 = Debug|x86
		{7BD1CDD2-EA4B-4CBB-BCA9-1E3CAD230822}.Debug|x86.ActiveCfg = Debug|x86
		{7BD1CDD2-EA4B-4CBB-BCA9-1E3CAD230822}.Release|x86.Build.0 = Release|x86
		{7BD1CDD2-EA4B-4CBB-BCA9-1E3CAD230822}.Release|x86.ActiveCfg = Release|x86
	EndGlobalSection
EndGlobal
